
Microsoft Visual Studio Solution File, Format Version 12.00
# Visual Studio 2013
VisualStudioVersion = 12.0.40629.0
MinimumVisualStudioVersion = 10.0.40219.1
Project("{F184B08F-C81C-45F6-A57F-5ABD9991F28F}") = "Windows 10 Login Background Changer", "Windows 10 Login Background Changer\Windows 10 Login Background Changer.vbproj", "{DCA4BA7F-1379-4220-A021-DD3C4369E845}"
EndProject
Project("{FAE04EC0-301F-11D3-BF4B-00C04F79EFBC}") = "HelperLibrary", "HelperLibrary\HelperLibrary.csproj", "{D80AC683-AB1C-4D44-9094-CC60A1011657}"
EndProject
Global
	GlobalSection(SolutionConfigurationPlatforms) = preSolution
		Debug|Any CPU = Debug|Any CPU
		Release|Any CPU = Release|Any CPU
	EndGlobalSection
	GlobalSection(ProjectConfigurationPlatforms) = postSolution
		{DCA4BA7F-1379-4220-A021-DD3C4369E845}.Debug|Any CPU.ActiveCfg = Debug|Any CPU
		{DCA4BA7F-1379-4220-A021-DD3C4369E845}.Debug|Any CPU.Build.0 = Debug|Any CPU
		{DCA4BA7F-1379-4220-A021-DD3C4369E845}.Release|Any CPU.ActiveCfg = Release|Any CPU
		{DCA4BA7F-1379-4220-A021-DD3C4369E845}.Release|Any CPU.Build.0 = Release|Any CPU
		{D80AC683-AB1C-4D44-9094-CC60A1011657}.Debug|Any CPU.ActiveCfg = Debug|Any CPU
		{D80AC683-AB1C-4D44-9094-CC60A1011657}.Debug|Any CPU.Build.0 = Debug|Any CPU
		{D80AC683-AB1C-4D44-9094-CC60A1011657}.Release|Any CPU.ActiveCfg = Release|Any CPU
		{D80AC683-AB1C-4D44-9094-CC60A1011657}.Release|Any CPU.Build.0 = Release|Any CPU
	EndGlobalSection
	GlobalSection(SolutionProperties) = preSolution
		HideSolutionNode = FALSE
	EndGlobalSection
EndGlobal
